// !$*UTF8*$!
{
	archiveVersion = 1;
	classes = {
	};
	objectVersion = 50;
	objects = {

/* Begin PBXBuildFile section */
		F774028A2227E4AF0048BFF5 /* AppDelegate.swift in Sources */ = {isa = PBXBuildFile; fileRef = F77402892227E4AF0048BFF5 /* AppDelegate.swift */; };
		F774028C2227E4AF0048BFF5 /* ViewController.swift in Sources */ = {isa = PBXBuildFile; fileRef = F774028B2227E4AF0048BFF5 /* ViewController.swift */; };
		F774028F2227E4AF0048BFF5 /* Main.storyboard in Resources */ = {isa = PBXBuildFile; fileRef = F774028D2227E4AF0048BFF5 /* Main.storyboard */; };
		F77402912227E4B00048BFF5 /* Assets.xcassets in Resources */ = {isa = PBXBuildFile; fileRef = F77402902227E4B00048BFF5 /* Assets.xcassets */; };
		F77402942227E4B00048BFF5 /* LaunchScreen.storyboard in Resources */ = {isa = PBXBuildFile; fileRef = F77402922227E4B00048BFF5 /* LaunchScreen.storyboard */; };
		F774029F2227E51E0048BFF5 /* MainTableViewController.swift in Sources */ = {isa = PBXBuildFile; fileRef = F774029B2227E51E0048BFF5 /* MainTableViewController.swift */; };
		F77402A02227E51E0048BFF5 /* Product.swift in Sources */ = {isa = PBXBuildFile; fileRef = F774029C2227E51E0048BFF5 /* Product.swift */; };
		F77402A12227E51E0048BFF5 /* DetailViewController.swift in Sources */ = {isa = PBXBuildFile; fileRef = F774029D2227E51E0048BFF5 /* DetailViewController.swift */; };
		F77402A22227E51E0048BFF5 /* ResultsTableController.swift in Sources */ = {isa = PBXBuildFile; fileRef = F774029E2227E51E0048BFF5 /* ResultsTableController.swift */; };
		F77402A52227E6650048BFF5 /* TableCell.xib in Resources */ = {isa = PBXBuildFile; fileRef = F77402A32227E6650048BFF5 /* TableCell.xib */; };
/* End PBXBuildFile section */

/* Begin PBXFileReference section */
		F77402862227E4AF0048BFF5 /* TableSearch.app */ = {isa = PBXFileReference; explicitFileType = wrapper.application; includeInIndex = 0; path = TableSearch.app; sourceTree = BUILT_PRODUCTS_DIR; };
		F77402892227E4AF0048BFF5 /* AppDelegate.swift */ = {isa = PBXFileReference; lastKnownFileType = sourcecode.swift; path = AppDelegate.swift; sourceTree = "<group>"; };
		F774028B2227E4AF0048BFF5 /* ViewController.swift */ = {isa = PBXFileReference; lastKnownFileType = sourcecode.swift; path = ViewController.swift; sourceTree = "<group>"; };
		F774028E2227E4AF0048BFF5 /* Base */ = {isa = PBXFileReference; lastKnownFileType = file.storyboard; name = Base; path = Base.lproj/Main.storyboard; sourceTree = "<group>"; };
		F77402902227E4B00048BFF5 /* Assets.xcassets */ = {isa = PBXFileReference; lastKnownFileType = folder.assetcatalog; path = Assets.xcassets; sourceTree = "<group>"; };
		F77402932227E4B00048BFF5 /* Base */ = {isa = PBXFileReference; lastKnownFileType = file.storyboard; name = Base; path = Base.lproj/LaunchScreen.storyboard; sourceTree = "<group>"; };
		F77402952227E4B00048BFF5 /* Info.plist */ = {isa = PBXFileReference; lastKnownFileType = text.plist.xml; path = Info.plist; sourceTree = "<group>"; };
		F774029B2227E51E0048BFF5 /* MainTableViewController.swift */ = {isa = PBXFileReference; fileEncoding = 4; lastKnownFileType = sourcecode.swift; path = MainTableViewController.swift; sourceTree = "<group>"; };
		F774029C2227E51E0048BFF5 /* Product.swift */ = {isa = PBXFileReference; fileEncoding = 4; lastKnownFileType = sourcecode.swift; path = Product.swift; sourceTree = "<group>"; };
		F774029D2227E51E0048BFF5 /* DetailViewController.swift */ = {isa = PBXFileReference; fileEncoding = 4; lastKnownFileType = sourcecode.swift; path = DetailViewController.swift; sourceTree = "<group>"; };
		F774029E2227E51E0048BFF5 /* ResultsTableController.swift */ = {isa = PBXFileReference; fileEncoding = 4; lastKnownFileType = sourcecode.swift; path = ResultsTableController.swift; sourceTree = "<group>"; };
		F77402A42227E6650048BFF5 /* Base */ = {isa = PBXFileReference; lastKnownFileType = file.xib; name = Base; path = Base.lproj/TableCell.xib; sourceTree = "<group>"; };
/* End PBXFileReference section */

/* Begin PBXFrameworksBuildPhase section */
		F77402832227E4AF0048BFF5 /* Frameworks */ = {
			isa = PBXFrameworksBuildPhase;
			buildActionMask = 2147483647;
			files = (
			);
			runOnlyForDeploymentPostprocessing = 0;
		};
/* End PBXFrameworksBuildPhase section */

/* Begin PBXGroup section */
		F774027D2227E4AF0048BFF5 = {
			isa = PBXGroup;
			children = (
				F77402882227E4AF0048BFF5 /* TableSearch */,
				F77402872227E4AF0048BFF5 /* Products */,
			);
			sourceTree = "<group>";
		};
		F77402872227E4AF0048BFF5 /* Products */ = {
			isa = PBXGroup;
			children = (
				F77402862227E4AF0048BFF5 /* TableSearch.app */,
			);
			name = Products;
			sourceTree = "<group>";
		};
		F77402882227E4AF0048BFF5 /* TableSearch */ = {
			isa = PBXGroup;
			children = (
				F77402A32227E6650048BFF5 /* TableCell.xib */,
				F774029D2227E51E0048BFF5 /* DetailViewController.swift */,
				F774029B2227E51E0048BFF5 /* MainTableViewController.swift */,
				F774029C2227E51E0048BFF5 /* Product.swift */,
				F774029E2227E51E0048BFF5 /* ResultsTableController.swift */,
				F77402892227E4AF0048BFF5 /* AppDelegate.swift */,
				F774028B2227E4AF0048BFF5 /* ViewController.swift */,
				F774028D2227E4AF0048BFF5 /* Main.storyboard */,
				F77402902227E4B00048BFF5 /* Assets.xcassets */,
				F77402922227E4B00048BFF5 /* LaunchScreen.storyboard */,
				F77402952227E4B00048BFF5 /* Info.plist */,
			);
			path = TableSearch;
			sourceTree = "<group>";
		};
/* End PBXGroup section */

/* Begin PBXNativeTarget section */
		F77402852227E4AF0048BFF5 /* TableSearch */ = {
			isa = PBXNativeTarget;
			buildConfigurationList = F77402982227E4B00048BFF5 /* Build configuration list for PBXNativeTarget "TableSearch" */;
			buildPhases = (
				F77402822227E4AF0048BFF5 /* Sources */,
				F77402832227E4AF0048BFF5 /* Frameworks */,
				F77402842227E4AF0048BFF5 /* Resources */,
			);
			buildRules = (
			);
			dependencies = (
			);
			name = TableSearch;
			productName = TableSearch;
			productReference = F77402862227E4AF0048BFF5 /* TableSearch.app */;
			productType = "com.apple.product-type.application";
		};
/* End PBXNativeTarget section */

/* Begin PBXProject section */
		F774027E2227E4AF0048BFF5 /* Project object */ = {
			isa = PBXProject;
			attributes = {
				LastSwiftUpdateCheck = 1010;
				LastUpgradeCheck = 1010;
				ORGANIZATIONNAME = "黄伯驹";
				TargetAttributes = {
					F77402852227E4AF0048BFF5 = {
						CreatedOnToolsVersion = 10.1;
					};
				};
			};
			buildConfigurationList = F77402812227E4AF0048BFF5 /* Build configuration list for PBXProject "TableSearch" */;
			compatibilityVersion = "Xcode 9.3";
			developmentRegion = en;
			hasScannedForEncodings = 0;
			knownRegions = (
				en,
				Base,
			);
			mainGroup = F774027D2227E4AF0048BFF5;
			productRefGroup = F77402872227E4AF0048BFF5 /* Products */;
			projectDirPath = "";
			projectRoot = "";
			targets = (
				F77402852227E4AF0048BFF5 /* TableSearch */,
			);
		};
/* End PBXProject section */

/* Begin PBXResourcesBuildPhase section */
		F77402842227E4AF0048BFF5 /* Resources */ = {
			isa = PBXResourcesBuildPhase;
			buildActionMask = 2147483647;
			files = (
				F77402942227E4B00048BFF5 /* LaunchScreen.storyboard in Resources */,
				F77402912227E4B00048BFF5 /* Assets.xcassets in Resources */,
				F77402A52227E6650048BFF5 /* TableCell.xib in Resources */,
				F774028F2227E4AF0048BFF5 /* Main.storyboard in Resources */,
			);
			runOnlyForDeploymentPostprocessing = 0;
		};
/* End PBXResourcesBuildPhase section */

/* Begin PBXSourcesBuildPhase section */
		F77402822227E4AF0048BFF5 /* Sources */ = {
			isa = PBXSourcesBuildPhase;
			buildActionMask = 2147483647;
			files = (
				F774028C2227E4AF0048BFF5 /* ViewController.swift in Sources */,
				F77402A02227E51E0048BFF5 /* Product.swift in Sources */,
				F77402A12227E51E0048BFF5 /* DetailViewController.swift in Sources */,
				F77402A22227E51E0048BFF5 /* ResultsTableController.swift in Sources */,
				F774029F2227E51E0048BFF5 /* MainTableViewController.swift in Sources */,
				F774028A2227E4AF0048BFF5 /* AppDelegate.swift in Sources */,
			);
			runOnlyForDeploymentPostprocessing = 0;
		};
/* End PBXSourcesBuildPhase section */

/* Begin PBXVariantGroup section */
		F774028D2227E4AF0048BFF5 /* Main.storyboard */ = {
			isa = PBXVariantGroup;
			children = (
				F774028E2227E4AF0048BFF5 /* Base */,
			);
			name = Main.storyboard;
			sourceTree = "<group>";
		};
		F77402922227E4B00048BFF5 /* LaunchScreen.storyboard */ = {
			isa = PBXVariantGroup;
			children = (
				F77402932227E4B00048BFF5 /* Base */,
			);
			name = LaunchScreen.storyboard;
			sourceTree = "<group>";
		};
		F77402A32227E6650048BFF5 /* TableCell.xib */ = {
			isa = PBXVariantGroup;
			children = (
				F77402A42227E6650048BFF5 /* Base */,
			);
			name = TableCell.xib;
			sourceTree = "<group>";
		};
/* End PBXVariantGroup section */

/* Begin XCBuildConfiguration section */
		F77402962227E4B00048BFF5 /* Debug */ = {
			isa = XCBuildConfiguration;
			buildSettings = {
				ALWAYS_SEARCH_USER_PATHS = NO;
				CLANG_ANALYZER_NONNULL = YES;
				CLANG_ANALYZER_NUMBER_OBJECT_CONVERSION = YES_AGGRESSIVE;
				CLANG_CXX_LANGUAGE_STANDARD = "gnu++14";
				CLANG_CXX_LIBRARY = "libc++";
				CLANG_ENABLE_MODULES = YES;
				CLANG_ENABLE_OBJC_ARC = YES;
				CLANG_ENABLE_OBJC_WEAK = YES;
				CLANG_WARN_BLOCK_CAPTURE_AUTORELEASING = YES;
				CLANG_WARN_BOOL_CONVERSION = YES;
				CLANG_WARN_COMMA = YES;
				CLANG_WARN_CONSTANT_CONVERSION = YES;
				CLANG_WARN_DEPRECATED_OBJC_IMPLEMENTATIONS = YES;
				CLANG_WARN_DIRECT_OBJC_ISA_USAGE = YES_ERROR;
				CLANG_WARN_DOCUMENTATION_COMMENTS = YES;
				CLANG_WARN_EMPTY_BODY = YES;
				CLANG_WARN_ENUM_CONVERSION = YES;
				CLANG_WARN_INFINITE_RECURSION = YES;
				CLANG_WARN_INT_CONVERSION = YES;
				CLANG_WARN_NON_LITERAL_NULL_CONVERSION = YES;
				CLANG_WARN_OBJC_IMPLICIT_RETAIN_SELF = YES;
				CLANG_WARN_OBJC_LITERAL_CONVERSION = YES;
				CLANG_WARN_OBJC_ROOT_CLASS = YES_ERROR;
				CLANG_WARN_RANGE_LOOP_ANALYSIS = YES;
				CLANG_WARN_STRICT_PROTOTYPES = YES;
				CLANG_WARN_SUSPICIOUS_MOVE = YES;
				CLANG_WARN_UNGUARDED_AVAILABILITY = YES_AGGRESSIVE;
				CLANG_WARN_UNREACHABLE_CODE = YES;
				CLANG_WARN__DUPLICATE_METHOD_MATCH = YES;
				CODE_SIGN_IDENTITY = "iPhone Developer";
				COPY_PHASE_STRIP = NO;
				DEBUG_INFORMATION_FORMAT = dwarf;
				ENABLE_STRICT_OBJC_MSGSEND = YES;
				ENABLE_TESTABILITY = YES;
				GCC_C_LANGUAGE_STANDARD = gnu11;
				GCC_DYNAMIC_NO_PIC = NO;
				GCC_NO_COMMON_BLOCKS = YES;
				GCC_OPTIMIZATION_LEVEL = 0;
				GCC_PREPROCESSOR_DEFINITIONS = (
					"DEBUG=1",
					"$(inherited)",
				);
				GCC_WARN_64_TO_32_BIT_CONVERSION = YES;
				GCC_WARN_ABOUT_RETURN_TYPE = YES_ERROR;
				GCC_WARN_UNDECLARED_SELECTOR = YES;
				GCC_WARN_UNINITIALIZED_AUTOS = YES_AGGRESSIVE;
				GCC_WARN_UNUSED_FUNCTION = YES;
				GCC_WARN_UNUSED_VARIABLE = YES;
				IPHONEOS_DEPLOYMENT_TARGET = 12.1;
				MTL_ENABLE_DEBUG_INFO = INCLUDE_SOURCE;
				MTL_FAST_MATH = YES;
				ONLY_ACTIVE_ARCH = YES;
				SDKROOT = iphoneos;
				SWIFT_ACTIVE_COMPILATION_CONDITIONS = DEBUG;
				SWIFT_OPTIMIZATION_LEVEL = "-Onone";
			};
			name = Debug;
		};
		F77402972227E4B00048BFF5 /* Release */ = {
			isa = XCBuildConfiguration;
			buildSettings = {
				ALWAYS_SEARCH_USER_PATHS = NO;
				CLANG_ANALYZER_NONNULL = YES;
				CLANG_ANALYZER_NUMBER_OBJECT_CONVERSION = YES_AGGRESSIVE;
				CLANG_CXX_LANGUAGE_STANDARD = "gnu++14";
				CLANG_CXX_LIBRARY = "libc++";
				CLANG_ENABLE_MODULES = YES;
				CLANG_ENABLE_OBJC_ARC = YES;
				CLANG_ENABLE_OBJC_WEAK = YES;
				CLANG_WARN_BLOCK_CAPTURE_AUTORELEASING = YES;
				CLANG_WARN_BOOL_CONVERSION = YES;
				CLANG_WARN_COMMA = YES;
				CLANG_WARN_CONSTANT_CONVERSION = YES;
				CLANG_WARN_DEPRECATED_OBJC_IMPLEMENTATIONS = YES;
				CLANG_WARN_DIRECT_OBJC_ISA_USAGE = YES_ERROR;
				CLANG_WARN_DOCUMENTATION_COMMENTS = YES;
				CLANG_WARN_EMPTY_BODY = YES;
				CLANG_WARN_ENUM_CONVERSION = YES;
				CLANG_WARN_INFINITE_RECURSION = YES;
				CLANG_WARN_INT_CONVERSION = YES;
				CLANG_WARN_NON_LITERAL_NULL_CONVERSION = YES;
				CLANG_WARN_OBJC_IMPLICIT_RETAIN_SELF = YES;
				CLANG_WARN_OBJC_LITERAL_CONVERSION = YES;
				CLANG_WARN_OBJC_ROOT_CLASS = YES_ERROR;
				CLANG_WARN_RANGE_LOOP_ANALYSIS = YES;
				CLANG_WARN_STRICT_PROTOTYPES = YES;
				CLANG_WARN_SUSPICIOUS_MOVE = YES;
				CLANG_WARN_UNGUARDED_AVAILABILITY = YES_AGGRESSIVE;
				CLANG_WARN_UNREACHABLE_CODE = YES;
				CLANG_WARN__DUPLICATE_METHOD_MATCH = YES;
				CODE_SIGN_IDENTITY = "iPhone Developer";
				COPY_PHASE_STRIP = NO;
				DEBUG_INFORMATION_FORMAT = "dwarf-with-dsym";
				ENABLE_NS_ASSERTIONS = NO;
				ENABLE_STRICT_OBJC_MSGSEND = YES;
				GCC_C_LANGUAGE_STANDARD = gnu11;
				GCC_NO_COMMON_BLOCKS = YES;
				GCC_WARN_64_TO_32_BIT_CONVERSION = YES;
				GCC_WARN_ABOUT_RETURN_TYPE = YES_ERROR;
				GCC_WARN_UNDECLARED_SELECTOR = YES;
				GCC_WARN_UNINITIALIZED_AUTOS = YES_AGGRESSIVE;
				GCC_WARN_UNUSED_FUNCTION = YES;
				GCC_WARN_UNUSED_VARIABLE = YES;
				IPHONEOS_DEPLOYMENT_TARGET = 12.1;
				MTL_ENABLE_DEBUG_INFO = NO;
				MTL_FAST_MATH = YES;
				SDKROOT = iphoneos;
				SWIFT_COMPILATION_MODE = wholemodule;
				SWIFT_OPTIMIZATION_LEVEL = "-O";
				VALIDATE_PRODUCT = YES;
			};
			name = Release;
		};
		F77402992227E4B00048BFF5 /* Debug */ = {
			isa = XCBuildConfiguration;
			buildSettings = {
				ASSETCATALOG_COMPILER_APPICON_NAME = AppIcon;
				CODE_SIGN_STYLE = Automatic;
				INFOPLIST_FILE = TableSearch/Info.plist;
				IPHONEOS_DEPLOYMENT_TARGET = 9.0;
				LD_RUNPATH_SEARCH_PATHS = (
					"$(inherited)",
					"@executable_path/Frameworks",
				);
				PRODUCT_BUNDLE_IDENTIFIER = com.boju.TableSearch;
				PRODUCT_NAME = "$(TARGET_NAME)";
				SWIFT_VERSION = 4.2;
				TARGETED_DEVICE_FAMILY = "1,2";
			};
			name = Debug;
		};
		F774029A2227E4B00048BFF5 /* Release */ = {
			isa = XCBuildConfiguration;
			buildSettings = {
				ASSETCATALOG_COMPILER_APPICON_NAME = AppIcon;
				CODE_SIGN_STYLE = Automatic;
				INFOPLIST_FILE = TableSearch/Info.plist;
				IPHONEOS_DEPLOYMENT_TARGET = 9.0;
				LD_RUNPATH_SEARCH_PATHS = (
					"$(inherited)",
					"@executable_path/Frameworks",
				);
				PRODUCT_BUNDLE_IDENTIFIER = com.boju.TableSearch;
				PRODUCT_NAME = "$(TARGET_NAME)";
				SWIFT_VERSION = 4.2;
				TARGETED_DEVICE_FAMILY = "1,2";
			};
			name = Release;
		};
/* End XCBuildConfiguration section */

/* Begin XCConfigurationList section */
		F77402812227E4AF0048BFF5 /* Build configuration list for PBXProject "TableSearch" */ = {
			isa = XCConfigurationList;
			buildConfigurations = (
				F77402962227E4B00048BFF5 /* Debug */,
				F77402972227E4B00048BFF5 /* Release */,
			);
			defaultConfigurationIsVisible = 0;
			defaultConfigurationName = Release;
		};
		F77402982227E4B00048BFF5 /* Build configuration list for PBXNativeTarget "TableSearch" */ = {
			isa = XCConfigurationList;
			buildConfigurations = (
				F77402992227E4B00048BFF5 /* Debug */,
				F774029A2227E4B00048BFF5 /* Release */,
			);
			defaultConfigurationIsVisible = 0;
			defaultConfigurationName = Release;
		};
/* End XCConfigurationList section */
	};
	rootObject = F774027E2227E4AF0048BFF5 /* Project object */;
}
