PODS:
  - AFNetworking (2.5.4):
    - AFNetworking/NSURLConnection (= 2.5.4)
    - AFNetworking/NSURLSession (= 2.5.4)
    - AFNetworking/Reachability (= 2.5.4)
    - AFNetworking/Security (= 2.5.4)
    - AFNetworking/Serialization (= 2.5.4)
    - AFNetworking/UIKit (= 2.5.4)
  - AFNetworking/NSURLConnection (2.5.4):
    - AFNetworking/Reachability
    - AFNetworking/Security
    - AFNetworking/Serialization
  - AFNetworking/NSURLSession (2.5.4):
    - AFNetworking/Reachability
    - AFNetworking/Security
    - AFNetworking/Serialization
  - AFNetworking/Reachability (2.5.4)
  - AFNetworking/Security (2.5.4)
  - AFNetworking/Serialization (2.5.4)
  - AFNetworking/UIKit (2.5.4):
    - AFNetworking/NSURLConnection
    - AFNetworking/NSURLSession
  - Masonry (1.0.0)
  - MJRefresh (2.2.1)
  - YUChineseSorting (1.0.1)
  - YUKit (1.2.0):
    - AFNetworking (~> 2.5.4)
    - Masonry (~> 1.0.0)
    - MJRefresh (~> 2.2.0)
    - YUKit/base (= 1.2.0)
    - YUKit/foundation (= 1.2.0)
    - YUKit/header (= 1.2.0)
    - YUKit/services (= 1.2.0)
    - YUKit/uikit (= 1.2.0)
  - YUKit/base (1.2.0):
    - AFNetworking (~> 2.5.4)
    - Masonry (~> 1.0.0)
    - MJRefresh (~> 2.2.0)
    - YUKit/base/NavigationController (= 1.2.0)
    - YUKit/base/TableView (= 1.2.0)
    - YUKit/base/View (= 1.2.0)
    - YUKit/base/ViewController (= 1.2.0)
    - YUKit/base/ViewModel (= 1.2.0)
  - YUKit/base/NavigationController (1.2.0):
    - AFNetworking (~> 2.5.4)
    - Masonry (~> 1.0.0)
    - MJRefresh (~> 2.2.0)
  - YUKit/base/TableView (1.2.0):
    - AFNetworking (~> 2.5.4)
    - Masonry (~> 1.0.0)
    - MJRefresh (~> 2.2.0)
    - YUKit/base/ViewController
    - YUKit/foundation
    - YUKit/header
    - YUKit/uikit
  - YUKit/base/View (1.2.0):
    - AFNetworking (~> 2.5.4)
    - Masonry (~> 1.0.0)
    - MJRefresh (~> 2.2.0)
  - YUKit/base/ViewController (1.2.0):
    - AFNetworking (~> 2.5.4)
    - Masonry (~> 1.0.0)
    - MJRefresh (~> 2.2.0)
    - YUKit/foundation
    - YUKit/header
    - YUKit/uikit
  - YUKit/base/ViewModel (1.2.0):
    - AFNetworking (~> 2.5.4)
    - Masonry (~> 1.0.0)
    - MJRefresh (~> 2.2.0)
  - YUKit/foundation (1.2.0):
    - AFNetworking (~> 2.5.4)
    - Masonry (~> 1.0.0)
    - MJRefresh (~> 2.2.0)
    - YUKit/foundation/category (= 1.2.0)
    - YUKit/foundation/lib (= 1.2.0)
  - YUKit/foundation/category (1.2.0):
    - AFNetworking (~> 2.5.4)
    - Masonry (~> 1.0.0)
    - MJRefresh (~> 2.2.0)
    - YUKit/foundation/lib
    - YUKit/header
  - YUKit/foundation/lib (1.2.0):
    - AFNetworking (~> 2.5.4)
    - Masonry (~> 1.0.0)
    - MJRefresh (~> 2.2.0)
    - YUKit/header
    - YUKit/services/Reachability
  - YUKit/header (1.2.0):
    - AFNetworking (~> 2.5.4)
    - Masonry (~> 1.0.0)
    - MJRefresh (~> 2.2.0)
  - YUKit/services (1.2.0):
    - AFNetworking (~> 2.5.4)
    - Masonry (~> 1.0.0)
    - MJRefresh (~> 2.2.0)
    - YUKit/services/NSJson (= 1.2.0)
    - YUKit/services/Reachability (= 1.2.0)
  - YUKit/services/NSJson (1.2.0):
    - AFNetworking (~> 2.5.4)
    - Masonry (~> 1.0.0)
    - MJRefresh (~> 2.2.0)
  - YUKit/services/Reachability (1.2.0):
    - AFNetworking (~> 2.5.4)
    - Masonry (~> 1.0.0)
    - MJRefresh (~> 2.2.0)
  - YUKit/uikit (1.2.0):
    - AFNetworking (~> 2.5.4)
    - Masonry (~> 1.0.0)
    - MJRefresh (~> 2.2.0)
    - YUKit/uikit/category (= 1.2.0)
    - YUKit/uikit/lib (= 1.2.0)
  - YUKit/uikit/category (1.2.0):
    - AFNetworking (~> 2.5.4)
    - Masonry (~> 1.0.0)
    - MJRefresh (~> 2.2.0)
    - YUKit/foundation
    - YUKit/header
  - YUKit/uikit/lib (1.2.0):
    - AFNetworking (~> 2.5.4)
    - Masonry (~> 1.0.0)
    - MJRefresh (~> 2.2.0)
    - YUKit/foundation
    - YUKit/header

DEPENDENCIES:
  - YUChineseSorting (~> 1.0.1)
  - YUKit (~> 1.2.0)

SPEC CHECKSUMS:
  AFNetworking: 05edc0ac4c4c8cf57bcf4b84be5b0744b6d8e71e
  Masonry: b529bb169217897b6354d4b56b1fada6d475b13d
  MJRefresh: c3fa0387e8e97a11a9666639d2f815607edd1c2f
  YUChineseSorting: dc621be136e7cfe503b8fbf46bb6392000708075
  YUKit: d8bbc9fe91e0ba33c5c9e643a693434a1c7d2601

COCOAPODS: 0.38.2
