// !$*UTF8*$!
{
	archiveVersion = 1;
	classes = {
	};
	objectVersion = 46;
	objects = {

/* Begin PBXBuildFile section */
		6D46072B1CE721CE00D2066C /* AppDelegate.swift in Sources */ = {isa = PBXBuildFile; fileRef = 6D46072A1CE721CE00D2066C /* AppDelegate.swift */; };
		6D46072D1CE721CE00D2066C /* ViewController.swift in Sources */ = {isa = PBXBuildFile; fileRef = 6D46072C1CE721CE00D2066C /* ViewController.swift */; };
		6D4607301CE721CE00D2066C /* Main.storyboard in Resources */ = {isa = PBXBuildFile; fileRef = 6D46072E1CE721CE00D2066C /* Main.storyboard */; };
		6D4607321CE721CE00D2066C /* Assets.xcassets in Resources */ = {isa = PBXBuildFile; fileRef = 6D4607311CE721CE00D2066C /* Assets.xcassets */; };
		6D4607351CE721CE00D2066C /* LaunchScreen.storyboard in Resources */ = {isa = PBXBuildFile; fileRef = 6D4607331CE721CE00D2066C /* LaunchScreen.storyboard */; };
		6D46073D1CE72E7D00D2066C /* SecondViewController.swift in Sources */ = {isa = PBXBuildFile; fileRef = 6D46073C1CE72E7D00D2066C /* SecondViewController.swift */; };
		6D4607401CE766C800D2066C /* ExpandingViewTransition.swift in Sources */ = {isa = PBXBuildFile; fileRef = 6D46073F1CE766C800D2066C /* ExpandingViewTransition.swift */; };
		6D4607421CE766EE00D2066C /* ExpandingViewTransitionAnimatorPresent.swift in Sources */ = {isa = PBXBuildFile; fileRef = 6D4607411CE766EE00D2066C /* ExpandingViewTransitionAnimatorPresent.swift */; };
/* End PBXBuildFile section */

/* Begin PBXFileReference section */
		6D4607271CE721CE00D2066C /* ButtonScaleTransition.app */ = {isa = PBXFileReference; explicitFileType = wrapper.application; includeInIndex = 0; path = ButtonScaleTransition.app; sourceTree = BUILT_PRODUCTS_DIR; };
		6D46072A1CE721CE00D2066C /* AppDelegate.swift */ = {isa = PBXFileReference; lastKnownFileType = sourcecode.swift; path = AppDelegate.swift; sourceTree = "<group>"; };
		6D46072C1CE721CE00D2066C /* ViewController.swift */ = {isa = PBXFileReference; lastKnownFileType = sourcecode.swift; path = ViewController.swift; sourceTree = "<group>"; };
		6D46072F1CE721CE00D2066C /* Base */ = {isa = PBXFileReference; lastKnownFileType = file.storyboard; name = Base; path = Base.lproj/Main.storyboard; sourceTree = "<group>"; };
		6D4607311CE721CE00D2066C /* Assets.xcassets */ = {isa = PBXFileReference; lastKnownFileType = folder.assetcatalog; path = Assets.xcassets; sourceTree = "<group>"; };
		6D4607341CE721CE00D2066C /* Base */ = {isa = PBXFileReference; lastKnownFileType = file.storyboard; name = Base; path = Base.lproj/LaunchScreen.storyboard; sourceTree = "<group>"; };
		6D4607361CE721CE00D2066C /* Info.plist */ = {isa = PBXFileReference; lastKnownFileType = text.plist.xml; path = Info.plist; sourceTree = "<group>"; };
		6D46073C1CE72E7D00D2066C /* SecondViewController.swift */ = {isa = PBXFileReference; fileEncoding = 4; lastKnownFileType = sourcecode.swift; path = SecondViewController.swift; sourceTree = "<group>"; };
		6D46073F1CE766C800D2066C /* ExpandingViewTransition.swift */ = {isa = PBXFileReference; fileEncoding = 4; lastKnownFileType = sourcecode.swift; path = ExpandingViewTransition.swift; sourceTree = "<group>"; };
		6D4607411CE766EE00D2066C /* ExpandingViewTransitionAnimatorPresent.swift */ = {isa = PBXFileReference; fileEncoding = 4; lastKnownFileType = sourcecode.swift; path = ExpandingViewTransitionAnimatorPresent.swift; sourceTree = "<group>"; };
/* End PBXFileReference section */

/* Begin PBXFrameworksBuildPhase section */
		6D4607241CE721CE00D2066C /* Frameworks */ = {
			isa = PBXFrameworksBuildPhase;
			buildActionMask = 2147483647;
			files = (
			);
			runOnlyForDeploymentPostprocessing = 0;
		};
/* End PBXFrameworksBuildPhase section */

/* Begin PBXGroup section */
		6D46071E1CE721CE00D2066C = {
			isa = PBXGroup;
			children = (
				6D46073E1CE766B600D2066C /* Transition */,
				6D4607291CE721CE00D2066C /* ButtonScaleTransition */,
				6D4607281CE721CE00D2066C /* Products */,
			);
			sourceTree = "<group>";
		};
		6D4607281CE721CE00D2066C /* Products */ = {
			isa = PBXGroup;
			children = (
				6D4607271CE721CE00D2066C /* ButtonScaleTransition.app */,
			);
			name = Products;
			sourceTree = "<group>";
		};
		6D4607291CE721CE00D2066C /* ButtonScaleTransition */ = {
			isa = PBXGroup;
			children = (
				6D46072A1CE721CE00D2066C /* AppDelegate.swift */,
				6D46072C1CE721CE00D2066C /* ViewController.swift */,
				6D46073C1CE72E7D00D2066C /* SecondViewController.swift */,
				6D46072E1CE721CE00D2066C /* Main.storyboard */,
				6D4607311CE721CE00D2066C /* Assets.xcassets */,
				6D4607331CE721CE00D2066C /* LaunchScreen.storyboard */,
				6D4607361CE721CE00D2066C /* Info.plist */,
			);
			path = ButtonScaleTransition;
			sourceTree = "<group>";
		};
		6D46073E1CE766B600D2066C /* Transition */ = {
			isa = PBXGroup;
			children = (
				6D46073F1CE766C800D2066C /* ExpandingViewTransition.swift */,
				6D4607411CE766EE00D2066C /* ExpandingViewTransitionAnimatorPresent.swift */,
			);
			name = Transition;
			sourceTree = "<group>";
		};
/* End PBXGroup section */

/* Begin PBXNativeTarget section */
		6D4607261CE721CE00D2066C /* ButtonScaleTransition */ = {
			isa = PBXNativeTarget;
			buildConfigurationList = 6D4607391CE721CE00D2066C /* Build configuration list for PBXNativeTarget "ButtonScaleTransition" */;
			buildPhases = (
				6D4607231CE721CE00D2066C /* Sources */,
				6D4607241CE721CE00D2066C /* Frameworks */,
				6D4607251CE721CE00D2066C /* Resources */,
			);
			buildRules = (
			);
			dependencies = (
			);
			name = ButtonScaleTransition;
			productName = ButtonScaleTransition;
			productReference = 6D4607271CE721CE00D2066C /* ButtonScaleTransition.app */;
			productType = "com.apple.product-type.application";
		};
/* End PBXNativeTarget section */

/* Begin PBXProject section */
		6D46071F1CE721CE00D2066C /* Project object */ = {
			isa = PBXProject;
			attributes = {
				LastSwiftUpdateCheck = 0730;
				LastUpgradeCheck = 0730;
				ORGANIZATIONNAME = "Tomasz Szulc";
				TargetAttributes = {
					6D4607261CE721CE00D2066C = {
						CreatedOnToolsVersion = 7.3;
						DevelopmentTeam = 7HTJY423B9;
						LastSwiftMigration = 0830;
					};
				};
			};
			buildConfigurationList = 6D4607221CE721CE00D2066C /* Build configuration list for PBXProject "ButtonScaleTransition" */;
			compatibilityVersion = "Xcode 3.2";
			developmentRegion = English;
			hasScannedForEncodings = 0;
			knownRegions = (
				en,
				Base,
			);
			mainGroup = 6D46071E1CE721CE00D2066C;
			productRefGroup = 6D4607281CE721CE00D2066C /* Products */;
			projectDirPath = "";
			projectRoot = "";
			targets = (
				6D4607261CE721CE00D2066C /* ButtonScaleTransition */,
			);
		};
/* End PBXProject section */

/* Begin PBXResourcesBuildPhase section */
		6D4607251CE721CE00D2066C /* Resources */ = {
			isa = PBXResourcesBuildPhase;
			buildActionMask = 2147483647;
			files = (
				6D4607351CE721CE00D2066C /* LaunchScreen.storyboard in Resources */,
				6D4607321CE721CE00D2066C /* Assets.xcassets in Resources */,
				6D4607301CE721CE00D2066C /* Main.storyboard in Resources */,
			);
			runOnlyForDeploymentPostprocessing = 0;
		};
/* End PBXResourcesBuildPhase section */

/* Begin PBXSourcesBuildPhase section */
		6D4607231CE721CE00D2066C /* Sources */ = {
			isa = PBXSourcesBuildPhase;
			buildActionMask = 2147483647;
			files = (
				6D4607401CE766C800D2066C /* ExpandingViewTransition.swift in Sources */,
				6D4607421CE766EE00D2066C /* ExpandingViewTransitionAnimatorPresent.swift in Sources */,
				6D46073D1CE72E7D00D2066C /* SecondViewController.swift in Sources */,
				6D46072D1CE721CE00D2066C /* ViewController.swift in Sources */,
				6D46072B1CE721CE00D2066C /* AppDelegate.swift in Sources */,
			);
			runOnlyForDeploymentPostprocessing = 0;
		};
/* End PBXSourcesBuildPhase section */

/* Begin PBXVariantGroup section */
		6D46072E1CE721CE00D2066C /* Main.storyboard */ = {
			isa = PBXVariantGroup;
			children = (
				6D46072F1CE721CE00D2066C /* Base */,
			);
			name = Main.storyboard;
			sourceTree = "<group>";
		};
		6D4607331CE721CE00D2066C /* LaunchScreen.storyboard */ = {
			isa = PBXVariantGroup;
			children = (
				6D4607341CE721CE00D2066C /* Base */,
			);
			name = LaunchScreen.storyboard;
			sourceTree = "<group>";
		};
/* End PBXVariantGroup section */

/* Begin XCBuildConfiguration section */
		6D4607371CE721CE00D2066C /* Debug */ = {
			isa = XCBuildConfiguration;
			buildSettings = {
				ALWAYS_SEARCH_USER_PATHS = NO;
				CLANG_ANALYZER_NONNULL = YES;
				CLANG_CXX_LANGUAGE_STANDARD = "gnu++0x";
				CLANG_CXX_LIBRARY = "libc++";
				CLANG_ENABLE_MODULES = YES;
				CLANG_ENABLE_OBJC_ARC = YES;
				CLANG_WARN_BOOL_CONVERSION = YES;
				CLANG_WARN_CONSTANT_CONVERSION = YES;
				CLANG_WARN_DIRECT_OBJC_ISA_USAGE = YES_ERROR;
				CLANG_WARN_EMPTY_BODY = YES;
				CLANG_WARN_ENUM_CONVERSION = YES;
				CLANG_WARN_INT_CONVERSION = YES;
				CLANG_WARN_OBJC_ROOT_CLASS = YES_ERROR;
				CLANG_WARN_UNREACHABLE_CODE = YES;
				CLANG_WARN__DUPLICATE_METHOD_MATCH = YES;
				"CODE_SIGN_IDENTITY[sdk=iphoneos*]" = "iPhone Developer";
				COPY_PHASE_STRIP = NO;
				DEBUG_INFORMATION_FORMAT = dwarf;
				ENABLE_STRICT_OBJC_MSGSEND = YES;
				ENABLE_TESTABILITY = YES;
				GCC_C_LANGUAGE_STANDARD = gnu99;
				GCC_DYNAMIC_NO_PIC = NO;
				GCC_NO_COMMON_BLOCKS = YES;
				GCC_OPTIMIZATION_LEVEL = 0;
				GCC_PREPROCESSOR_DEFINITIONS = (
					"DEBUG=1",
					"$(inherited)",
				);
				GCC_WARN_64_TO_32_BIT_CONVERSION = YES;
				GCC_WARN_ABOUT_RETURN_TYPE = YES_ERROR;
				GCC_WARN_UNDECLARED_SELECTOR = YES;
				GCC_WARN_UNINITIALIZED_AUTOS = YES_AGGRESSIVE;
				GCC_WARN_UNUSED_FUNCTION = YES;
				GCC_WARN_UNUSED_VARIABLE = YES;
				IPHONEOS_DEPLOYMENT_TARGET = 9.3;
				MTL_ENABLE_DEBUG_INFO = YES;
				ONLY_ACTIVE_ARCH = YES;
				SDKROOT = iphoneos;
				SWIFT_OPTIMIZATION_LEVEL = "-Onone";
			};
			name = Debug;
		};
		6D4607381CE721CE00D2066C /* Release */ = {
			isa = XCBuildConfiguration;
			buildSettings = {
				ALWAYS_SEARCH_USER_PATHS = NO;
				CLANG_ANALYZER_NONNULL = YES;
				CLANG_CXX_LANGUAGE_STANDARD = "gnu++0x";
				CLANG_CXX_LIBRARY = "libc++";
				CLANG_ENABLE_MODULES = YES;
				CLANG_ENABLE_OBJC_ARC = YES;
				CLANG_WARN_BOOL_CONVERSION = YES;
				CLANG_WARN_CONSTANT_CONVERSION = YES;
				CLANG_WARN_DIRECT_OBJC_ISA_USAGE = YES_ERROR;
				CLANG_WARN_EMPTY_BODY = YES;
				CLANG_WARN_ENUM_CONVERSION = YES;
				CLANG_WARN_INT_CONVERSION = YES;
				CLANG_WARN_OBJC_ROOT_CLASS = YES_ERROR;
				CLANG_WARN_UNREACHABLE_CODE = YES;
				CLANG_WARN__DUPLICATE_METHOD_MATCH = YES;
				"CODE_SIGN_IDENTITY[sdk=iphoneos*]" = "iPhone Developer";
				COPY_PHASE_STRIP = NO;
				DEBUG_INFORMATION_FORMAT = "dwarf-with-dsym";
				ENABLE_NS_ASSERTIONS = NO;
				ENABLE_STRICT_OBJC_MSGSEND = YES;
				GCC_C_LANGUAGE_STANDARD = gnu99;
				GCC_NO_COMMON_BLOCKS = YES;
				GCC_WARN_64_TO_32_BIT_CONVERSION = YES;
				GCC_WARN_ABOUT_RETURN_TYPE = YES_ERROR;
				GCC_WARN_UNDECLARED_SELECTOR = YES;
				GCC_WARN_UNINITIALIZED_AUTOS = YES_AGGRESSIVE;
				GCC_WARN_UNUSED_FUNCTION = YES;
				GCC_WARN_UNUSED_VARIABLE = YES;
				IPHONEOS_DEPLOYMENT_TARGET = 9.3;
				MTL_ENABLE_DEBUG_INFO = NO;
				SDKROOT = iphoneos;
				VALIDATE_PRODUCT = YES;
			};
			name = Release;
		};
		6D46073A1CE721CE00D2066C /* Debug */ = {
			isa = XCBuildConfiguration;
			buildSettings = {
				ASSETCATALOG_COMPILER_APPICON_NAME = AppIcon;
				CODE_SIGN_IDENTITY = "iPhone Developer";
				"CODE_SIGN_IDENTITY[sdk=iphoneos*]" = "iPhone Developer";
				INFOPLIST_FILE = ButtonScaleTransition/Info.plist;
				LD_RUNPATH_SEARCH_PATHS = "$(inherited) @executable_path/Frameworks";
				PRODUCT_BUNDLE_IDENTIFIER = com.tomaszszulc.ButtonScaleTransition;
				PRODUCT_NAME = "$(TARGET_NAME)";
				PROVISIONING_PROFILE = "";
				SWIFT_VERSION = 3.0;
			};
			name = Debug;
		};
		6D46073B1CE721CE00D2066C /* Release */ = {
			isa = XCBuildConfiguration;
			buildSettings = {
				ASSETCATALOG_COMPILER_APPICON_NAME = AppIcon;
				CODE_SIGN_IDENTITY = "iPhone Developer";
				"CODE_SIGN_IDENTITY[sdk=iphoneos*]" = "iPhone Developer";
				INFOPLIST_FILE = ButtonScaleTransition/Info.plist;
				LD_RUNPATH_SEARCH_PATHS = "$(inherited) @executable_path/Frameworks";
				PRODUCT_BUNDLE_IDENTIFIER = com.tomaszszulc.ButtonScaleTransition;
				PRODUCT_NAME = "$(TARGET_NAME)";
				PROVISIONING_PROFILE = "";
				SWIFT_VERSION = 3.0;
			};
			name = Release;
		};
/* End XCBuildConfiguration section */

/* Begin XCConfigurationList section */
		6D4607221CE721CE00D2066C /* Build configuration list for PBXProject "ButtonScaleTransition" */ = {
			isa = XCConfigurationList;
			buildConfigurations = (
				6D4607371CE721CE00D2066C /* Debug */,
				6D4607381CE721CE00D2066C /* Release */,
			);
			defaultConfigurationIsVisible = 0;
			defaultConfigurationName = Release;
		};
		6D4607391CE721CE00D2066C /* Build configuration list for PBXNativeTarget "ButtonScaleTransition" */ = {
			isa = XCConfigurationList;
			buildConfigurations = (
				6D46073A1CE721CE00D2066C /* Debug */,
				6D46073B1CE721CE00D2066C /* Release */,
			);
			defaultConfigurationIsVisible = 0;
			defaultConfigurationName = Release;
		};
/* End XCConfigurationList section */
	};
	rootObject = 6D46071F1CE721CE00D2066C /* Project object */;
}
